// !$*UTF8*$!
{
	archiveVersion = 1;
	classes = {
	};
	objectVersion = 77;
	objects = {

/* Begin PBXBuildFile section */
		3B14F5E12E7B6AE6005826F9 /* _RopeModule in Frameworks */ = {isa = PBXBuildFile; productRef = 3B14F5E02E7B6AE6005826F9 /* _RopeModule */; };
		3B14F5E32E7B6AF0005826F9 /* BitCollections in Frameworks */ = {isa = PBXBuildFile; productRef = 3B14F5E22E7B6AF0005826F9 /* BitCollections */; };
		3B14F5E52E7B6AF0005826F9 /* Collections in Frameworks */ = {isa = PBXBuildFile; productRef = 3B14F5E42E7B6AF0005826F9 /* Collections */; };
		3B14F5E72E7B6AF0005826F9 /* DequeModule in Frameworks */ = {isa = PBXBuildFile; productRef = 3B14F5E62E7B6AF0005826F9 /* DequeModule */; };
		3B14F5E92E7B6AF0005826F9 /* HashTreeCollections in Frameworks */ = {isa = PBXBuildFile; productRef = 3B14F5E82E7B6AF0005826F9 /* HashTreeCollections */; };
		3B14F5EB2E7B6AF0005826F9 /* HeapModule in Frameworks */ = {isa = PBXBuildFile; productRef = 3B14F5EA2E7B6AF0005826F9 /* HeapModule */; };
		3B14F5ED2E7B6AF0005826F9 /* OrderedCollections in Frameworks */ = {isa = PBXBuildFile; productRef = 3B14F5EC2E7B6AF0005826F9 /* OrderedCollections */; };
/* End PBXBuildFile section */

/* Begin PBXContainerItemProxy section */
		3B8143082E7B64DE0037CAD2 /* PBXContainerItemProxy */ = {
			isa = PBXContainerItemProxy;
			containerPortal = 3B8142EB2E7B64DB0037CAD2 /* Project object */;
			proxyType = 1;
			remoteGlobalIDString = 3B8142F22E7B64DB0037CAD2;
			remoteInfo = BetterUntis;
		};
		3B8143122E7B64DE0037CAD2 /* PBXContainerItemProxy */ = {
			isa = PBXContainerItemProxy;
			containerPortal = 3B8142EB2E7B64DB0037CAD2 /* Project object */;
			proxyType = 1;
			remoteGlobalIDString = 3B8142F22E7B64DB0037CAD2;
			remoteInfo = BetterUntis;
		};
/* End PBXContainerItemProxy section */

/* Begin PBXCopyFilesBuildPhase section */
		3B14F5DF2E7B6AE2005826F9 /* Embed Frameworks */ = {
			isa = PBXCopyFilesBuildPhase;
			buildActionMask = 2147483647;
			dstPath = "";
			dstSubfolderSpec = 10;
			files = (
			);
			name = "Embed Frameworks";
			runOnlyForDeploymentPostprocessing = 0;
		};
/* End PBXCopyFilesBuildPhase section */

/* Begin PBXFileReference section */
		3B8142F32E7B64DB0037CAD2 /* BetterUntis.app */ = {isa = PBXFileReference; explicitFileType = wrapper.application; includeInIndex = 0; path = BetterUntis.app; sourceTree = BUILT_PRODUCTS_DIR; };
		3B8143072E7B64DE0037CAD2 /* BetterUntisTests.xctest */ = {isa = PBXFileReference; explicitFileType = wrapper.cfbundle; includeInIndex = 0; path = BetterUntisTests.xctest; sourceTree = BUILT_PRODUCTS_DIR; };
		3B8143112E7B64DE0037CAD2 /* BetterUntisUITests.xctest */ = {isa = PBXFileReference; explicitFileType = wrapper.cfbundle; includeInIndex = 0; path = BetterUntisUITests.xctest; sourceTree = BUILT_PRODUCTS_DIR; };
/* End PBXFileReference section */

/* Begin PBXFileSystemSynchronizedBuildFileExceptionSet section */
		3B8143192E7B64DE0037CAD2 /* Exceptions for "BetterUntis" folder in "BetterUntis" target */ = {
			isa = PBXFileSystemSynchronizedBuildFileExceptionSet;
			membershipExceptions = (
				Info.plist,
			);
			target = 3B8142F22E7B64DB0037CAD2 /* BetterUntis */;
		};
/* End PBXFileSystemSynchronizedBuildFileExceptionSet section */

/* Begin PBXFileSystemSynchronizedRootGroup section */
		3B8142F52E7B64DB0037CAD2 /* BetterUntis */ = {
			isa = PBXFileSystemSynchronizedRootGroup;
			exceptions = (
				3B8143192E7B64DE0037CAD2 /* Exceptions for "BetterUntis" folder in "BetterUntis" target */,
			);
			path = BetterUntis;
			sourceTree = "<group>";
		};
		3B81430A2E7B64DE0037CAD2 /* BetterUntisTests */ = {
			isa = PBXFileSystemSynchronizedRootGroup;
			path = BetterUntisTests;
			sourceTree = "<group>";
		};
		3B8143142E7B64DE0037CAD2 /* BetterUntisUITests */ = {
			isa = PBXFileSystemSynchronizedRootGroup;
			path = BetterUntisUITests;
			sourceTree = "<group>";
		};
/* End PBXFileSystemSynchronizedRootGroup section */

/* Begin PBXFrameworksBuildPhase section */
		3B8142F02E7B64DB0037CAD2 /* Frameworks */ = {
			isa = PBXFrameworksBuildPhase;
			buildActionMask = 2147483647;
			files = (
				3B14F5E32E7B6AF0005826F9 /* BitCollections in Frameworks */,
				3B14F5E12E7B6AE6005826F9 /* _RopeModule in Frameworks */,
				3B14F5E52E7B6AF0005826F9 /* Collections in Frameworks */,
				3B14F5E92E7B6AF0005826F9 /* HashTreeCollections in Frameworks */,
				3B14F5ED2E7B6AF0005826F9 /* OrderedCollections in Frameworks */,
				3B14F5EB2E7B6AF0005826F9 /* HeapModule in Frameworks */,
				3B14F5E72E7B6AF0005826F9 /* DequeModule in Frameworks */,
			);
			runOnlyForDeploymentPostprocessing = 0;
		};
		3B8143042E7B64DE0037CAD2 /* Frameworks */ = {
			isa = PBXFrameworksBuildPhase;
			buildActionMask = 2147483647;
			files = (
			);
			runOnlyForDeploymentPostprocessing = 0;
		};
		3B81430E2E7B64DE0037CAD2 /* Frameworks */ = {
			isa = PBXFrameworksBuildPhase;
			buildActionMask = 2147483647;
			files = (
			);
			runOnlyForDeploymentPostprocessing = 0;
		};
/* End PBXFrameworksBuildPhase section */

/* Begin PBXGroup section */
		3B14F5D92E7B6AC8005826F9 /* Frameworks */ = {
			isa = PBXGroup;
			children = (
			);
			name = Frameworks;
			sourceTree = "<group>";
		};
		3B8142EA2E7B64DB0037CAD2 = {
			isa = PBXGroup;
			children = (
				3B8142F52E7B64DB0037CAD2 /* BetterUntis */,
				3B81430A2E7B64DE0037CAD2 /* BetterUntisTests */,
				3B8143142E7B64DE0037CAD2 /* BetterUntisUITests */,
				3B14F5D92E7B6AC8005826F9 /* Frameworks */,
				3B8142F42E7B64DB0037CAD2 /* Products */,
			);
			sourceTree = "<group>";
		};
		3B8142F42E7B64DB0037CAD2 /* Products */ = {
			isa = PBXGroup;
			children = (
				3B8142F32E7B64DB0037CAD2 /* BetterUntis.app */,
				3B8143072E7B64DE0037CAD2 /* BetterUntisTests.xctest */,
				3B8143112E7B64DE0037CAD2 /* BetterUntisUITests.xctest */,
			);
			name = Products;
			sourceTree = "<group>";
		};
/* End PBXGroup section */

/* Begin PBXNativeTarget section */
		3B8142F22E7B64DB0037CAD2 /* BetterUntis */ = {
			isa = PBXNativeTarget;
			buildConfigurationList = 3B81431A2E7B64DE0037CAD2 /* Build configuration list for PBXNativeTarget "BetterUntis" */;
			buildPhases = (
				3B8142EF2E7B64DB0037CAD2 /* Sources */,
				3B8142F02E7B64DB0037CAD2 /* Frameworks */,
				3B8142F12E7B64DB0037CAD2 /* Resources */,
				3B14F5DF2E7B6AE2005826F9 /* Embed Frameworks */,
			);
			buildRules = (
			);
			dependencies = (
			);
			fileSystemSynchronizedGroups = (
				3B8142F52E7B64DB0037CAD2 /* BetterUntis */,
			);
			name = BetterUntis;
			packageProductDependencies = (
				3B14F5E02E7B6AE6005826F9 /* _RopeModule */,
				3B14F5E22E7B6AF0005826F9 /* BitCollections */,
				3B14F5E42E7B6AF0005826F9 /* Collections */,
				3B14F5E62E7B6AF0005826F9 /* DequeModule */,
				3B14F5E82E7B6AF0005826F9 /* HashTreeCollections */,
				3B14F5EA2E7B6AF0005826F9 /* HeapModule */,
				3B14F5EC2E7B6AF0005826F9 /* OrderedCollections */,
			);
			productName = BetterUntis;
			productReference = 3B8142F32E7B64DB0037CAD2 /* BetterUntis.app */;
			productType = "com.apple.product-type.application";
		};
		3B8143062E7B64DE0037CAD2 /* BetterUntisTests */ = {
			isa = PBXNativeTarget;
			buildConfigurationList = 3B81431F2E7B64DE0037CAD2 /* Build configuration list for PBXNativeTarget "BetterUntisTests" */;
			buildPhases = (
				3B8143032E7B64DE0037CAD2 /* Sources */,
				3B8143042E7B64DE0037CAD2 /* Frameworks */,
				3B8143052E7B64DE0037CAD2 /* Resources */,
			);
			buildRules = (
			);
			dependencies = (
				3B8143092E7B64DE0037CAD2 /* PBXTargetDependency */,
			);
			fileSystemSynchronizedGroups = (
				3B81430A2E7B64DE0037CAD2 /* BetterUntisTests */,
			);
			name = BetterUntisTests;
			packageProductDependencies = (
			);
			productName = BetterUntisTests;
			productReference = 3B8143072E7B64DE0037CAD2 /* BetterUntisTests.xctest */;
			productType = "com.apple.product-type.bundle.unit-test";
		};
		3B8143102E7B64DE0037CAD2 /* BetterUntisUITests */ = {
			isa = PBXNativeTarget;
			buildConfigurationList = 3B8143222E7B64DE0037CAD2 /* Build configuration list for PBXNativeTarget "BetterUntisUITests" */;
			buildPhases = (
				3B81430D2E7B64DE0037CAD2 /* Sources */,
				3B81430E2E7B64DE0037CAD2 /* Frameworks */,
				3B81430F2E7B64DE0037CAD2 /* Resources */,
			);
			buildRules = (
			);
			dependencies = (
				3B8143132E7B64DE0037CAD2 /* PBXTargetDependency */,
			);
			fileSystemSynchronizedGroups = (
				3B8143142E7B64DE0037CAD2 /* BetterUntisUITests */,
			);
			name = BetterUntisUITests;
			packageProductDependencies = (
			);
			productName = BetterUntisUITests;
			productReference = 3B8143112E7B64DE0037CAD2 /* BetterUntisUITests.xctest */;
			productType = "com.apple.product-type.bundle.ui-testing";
		};
/* End PBXNativeTarget section */

/* Begin PBXProject section */
		3B8142EB2E7B64DB0037CAD2 /* Project object */ = {
			isa = PBXProject;
			attributes = {
				BuildIndependentTargetsInParallel = 1;
				LastSwiftUpdateCheck = 2600;
				LastUpgradeCheck = 2600;
				TargetAttributes = {
					3B8142F22E7B64DB0037CAD2 = {
						CreatedOnToolsVersion = 26.0;
					};
					3B8143062E7B64DE0037CAD2 = {
						CreatedOnToolsVersion = 26.0;
						TestTargetID = 3B8142F22E7B64DB0037CAD2;
					};
					3B8143102E7B64DE0037CAD2 = {
						CreatedOnToolsVersion = 26.0;
						TestTargetID = 3B8142F22E7B64DB0037CAD2;
					};
				};
			};
			buildConfigurationList = 3B8142EE2E7B64DB0037CAD2 /* Build configuration list for PBXProject "BetterUntis" */;
			developmentRegion = en;
			hasScannedForEncodings = 0;
			knownRegions = (
				en,
				Base,
			);
			mainGroup = 3B8142EA2E7B64DB0037CAD2;
			minimizedProjectReferenceProxies = 1;
			packageReferences = (
				3B14F5D62E7B691F005826F9 /* XCRemoteSwiftPackageReference "swift-collections" */,
			);
			preferredProjectObjectVersion = 77;
			productRefGroup = 3B8142F42E7B64DB0037CAD2 /* Products */;
			projectDirPath = "";
			projectRoot = "";
			targets = (
				3B8142F22E7B64DB0037CAD2 /* BetterUntis */,
				3B8143062E7B64DE0037CAD2 /* BetterUntisTests */,
				3B8143102E7B64DE0037CAD2 /* BetterUntisUITests */,
			);
		};
/* End PBXProject section */

/* Begin PBXResourcesBuildPhase section */
		3B8142F12E7B64DB0037CAD2 /* Resources */ = {
			isa = PBXResourcesBuildPhase;
			buildActionMask = 2147483647;
			files = (
			);
			runOnlyForDeploymentPostprocessing = 0;
		};
		3B8143052E7B64DE0037CAD2 /* Resources */ = {
			isa = PBXResourcesBuildPhase;
			buildActionMask = 2147483647;
			files = (
			);
			runOnlyForDeploymentPostprocessing = 0;
		};
		3B81430F2E7B64DE0037CAD2 /* Resources */ = {
			isa = PBXResourcesBuildPhase;
			buildActionMask = 2147483647;
			files = (
			);
			runOnlyForDeploymentPostprocessing = 0;
		};
/* End PBXResourcesBuildPhase section */

/* Begin PBXSourcesBuildPhase section */
		3B8142EF2E7B64DB0037CAD2 /* Sources */ = {
			isa = PBXSourcesBuildPhase;
			buildActionMask = 2147483647;
			files = (
			);
			runOnlyForDeploymentPostprocessing = 0;
		};
		3B8143032E7B64DE0037CAD2 /* Sources */ = {
			isa = PBXSourcesBuildPhase;
			buildActionMask = 2147483647;
			files = (
			);
			runOnlyForDeploymentPostprocessing = 0;
		};
		3B81430D2E7B64DE0037CAD2 /* Sources */ = {
			isa = PBXSourcesBuildPhase;
			buildActionMask = 2147483647;
			files = (
			);
			runOnlyForDeploymentPostprocessing = 0;
		};
/* End PBXSourcesBuildPhase section */

/* Begin PBXTargetDependency section */
		3B8143092E7B64DE0037CAD2 /* PBXTargetDependency */ = {
			isa = PBXTargetDependency;
			target = 3B8142F22E7B64DB0037CAD2 /* BetterUntis */;
			targetProxy = 3B8143082E7B64DE0037CAD2 /* PBXContainerItemProxy */;
		};
		3B8143132E7B64DE0037CAD2 /* PBXTargetDependency */ = {
			isa = PBXTargetDependency;
			target = 3B8142F22E7B64DB0037CAD2 /* BetterUntis */;
			targetProxy = 3B8143122E7B64DE0037CAD2 /* PBXContainerItemProxy */;
		};
/* End PBXTargetDependency section */

/* Begin XCBuildConfiguration section */
		3B81431B2E7B64DE0037CAD2 /* Debug */ = {
			isa = XCBuildConfiguration;
			buildSettings = {
				ASSETCATALOG_COMPILER_APPICON_NAME = AppIcon;
				ASSETCATALOG_COMPILER_GLOBAL_ACCENT_COLOR_NAME = AccentColor;
				ASSETCATALOG_COMPILER_INCLUDE_ALL_APPICON_ASSETS = NO;
				CODE_SIGN_ENTITLEMENTS = BetterUntis/BetterUntis.entitlements;
				CODE_SIGN_STYLE = Automatic;
				CURRENT_PROJECT_VERSION = 1;
				DEVELOPMENT_TEAM = UXQY7R8X37;
				ENABLE_PREVIEWS = YES;
				GENERATE_INFOPLIST_FILE = YES;
				INFOPLIST_FILE = BetterUntis/Info.plist;
				INFOPLIST_KEY_LSApplicationCategoryType = "public.app-category.education";
				INFOPLIST_KEY_UIApplicationSceneManifest_Generation = YES;
				INFOPLIST_KEY_UIApplicationSupportsIndirectInputEvents = YES;
				INFOPLIST_KEY_UILaunchScreen_Generation = YES;
				INFOPLIST_KEY_UISupportedInterfaceOrientations_iPad = "UIInterfaceOrientationPortrait UIInterfaceOrientationPortraitUpsideDown UIInterfaceOrientationLandscapeLeft UIInterfaceOrientationLandscapeRight";
				INFOPLIST_KEY_UISupportedInterfaceOrientations_iPhone = "UIInterfaceOrientationPortrait UIInterfaceOrientationLandscapeLeft UIInterfaceOrientationLandscapeRight";
				LD_RUNPATH_SEARCH_PATHS = (
					"$(inherited)",
					"@executable_path/Frameworks",
				);
				MARKETING_VERSION = 1.0;
				PRODUCT_BUNDLE_IDENTIFIER = com.example.tilk.BetterUntis;
				PRODUCT_NAME = "$(TARGET_NAME)";
				STRING_CATALOG_GENERATE_SYMBOLS = YES;
				SWIFT_APPROACHABLE_CONCURRENCY = YES;
				SWIFT_DEFAULT_ACTOR_ISOLATION = MainActor;
				SWIFT_EMIT_LOC_STRINGS = YES;
				SWIFT_UPCOMING_FEATURE_MEMBER_IMPORT_VISIBILITY = YES;
				SWIFT_VERSION = 5.0;
				TARGETED_DEVICE_FAMILY = "1,2";
			};
			name = Debug;
		};
		3B81431C2E7B64DE0037CAD2 /* Release */ = {
			isa = XCBuildConfiguration;
			buildSettings = {
				ASSETCATALOG_COMPILER_APPICON_NAME = AppIcon;
				ASSETCATALOG_COMPILER_GLOBAL_ACCENT_COLOR_NAME = AccentColor;
				ASSETCATALOG_COMPILER_INCLUDE_ALL_APPICON_ASSETS = NO;
				CODE_SIGN_ENTITLEMENTS = BetterUntis/BetterUntis.entitlements;
				CODE_SIGN_STYLE = Automatic;
				CURRENT_PROJECT_VERSION = 1;
				DEVELOPMENT_TEAM = UXQY7R8X37;
				ENABLE_PREVIEWS = YES;
				GENERATE_INFOPLIST_FILE = YES;
				INFOPLIST_FILE = BetterUntis/Info.plist;
				INFOPLIST_KEY_LSApplicationCategoryType = "public.app-category.education";
				INFOPLIST_KEY_UIApplicationSceneManifest_Generation = YES;
				INFOPLIST_KEY_UIApplicationSupportsIndirectInputEvents = YES;
				INFOPLIST_KEY_UILaunchScreen_Generation = YES;
				INFOPLIST_KEY_UISupportedInterfaceOrientations_iPad = "UIInterfaceOrientationPortrait UIInterfaceOrientationPortraitUpsideDown UIInterfaceOrientationLandscapeLeft UIInterfaceOrientationLandscapeRight";
				INFOPLIST_KEY_UISupportedInterfaceOrientations_iPhone = "UIInterfaceOrientationPortrait UIInterfaceOrientationLandscapeLeft UIInterfaceOrientationLandscapeRight";
				LD_RUNPATH_SEARCH_PATHS = (
					"$(inherited)",
					"@executable_path/Frameworks",
				);
				MARKETING_VERSION = 1.0;
				PRODUCT_BUNDLE_IDENTIFIER = com.example.tilk.BetterUntis;
				PRODUCT_NAME = "$(TARGET_NAME)";
				STRING_CATALOG_GENERATE_SYMBOLS = YES;
				SWIFT_APPROACHABLE_CONCURRENCY = YES;
				SWIFT_DEFAULT_ACTOR_ISOLATION = MainActor;
				SWIFT_EMIT_LOC_STRINGS = YES;
				SWIFT_UPCOMING_FEATURE_MEMBER_IMPORT_VISIBILITY = YES;
				SWIFT_VERSION = 5.0;
				TARGETED_DEVICE_FAMILY = "1,2";
			};
			name = Release;
		};
		3B81431D2E7B64DE0037CAD2 /* Debug */ = {
			isa = XCBuildConfiguration;
			buildSettings = {
				ALWAYS_SEARCH_USER_PATHS = NO;
				ASSETCATALOG_COMPILER_GENERATE_SWIFT_ASSET_SYMBOL_EXTENSIONS = YES;
				CLANG_ANALYZER_NONNULL = YES;
				CLANG_ANALYZER_NUMBER_OBJECT_CONVERSION = YES_AGGRESSIVE;
				CLANG_CXX_LANGUAGE_STANDARD = "gnu++20";
				CLANG_ENABLE_MODULES = YES;
				CLANG_ENABLE_OBJC_ARC = YES;
				CLANG_ENABLE_OBJC_WEAK = YES;
				CLANG_WARN_BLOCK_CAPTURE_AUTORELEASING = YES;
				CLANG_WARN_BOOL_CONVERSION = YES;
				CLANG_WARN_COMMA = YES;
				CLANG_WARN_CONSTANT_CONVERSION = YES;
				CLANG_WARN_DEPRECATED_OBJC_IMPLEMENTATIONS = YES;
				CLANG_WARN_DIRECT_OBJC_ISA_USAGE = YES_ERROR;
				CLANG_WARN_DOCUMENTATION_COMMENTS = YES;
				CLANG_WARN_EMPTY_BODY = YES;
				CLANG_WARN_ENUM_CONVERSION = YES;
				CLANG_WARN_INFINITE_RECURSION = YES;
				CLANG_WARN_INT_CONVERSION = YES;
				CLANG_WARN_NON_LITERAL_NULL_CONVERSION = YES;
				CLANG_WARN_OBJC_IMPLICIT_RETAIN_SELF = YES;
				CLANG_WARN_OBJC_LITERAL_CONVERSION = YES;
				CLANG_WARN_OBJC_ROOT_CLASS = YES_ERROR;
				CLANG_WARN_QUOTED_INCLUDE_IN_FRAMEWORK_HEADER = YES;
				CLANG_WARN_RANGE_LOOP_ANALYSIS = YES;
				CLANG_WARN_STRICT_PROTOTYPES = YES;
				CLANG_WARN_SUSPICIOUS_MOVE = YES;
				CLANG_WARN_UNGUARDED_AVAILABILITY = YES_AGGRESSIVE;
				CLANG_WARN_UNREACHABLE_CODE = YES;
				CLANG_WARN__DUPLICATE_METHOD_MATCH = YES;
				COPY_PHASE_STRIP = NO;
				DEBUG_INFORMATION_FORMAT = dwarf;
				DEVELOPMENT_TEAM = UXQY7R8X37;
				ENABLE_STRICT_OBJC_MSGSEND = YES;
				ENABLE_TESTABILITY = YES;
				ENABLE_USER_SCRIPT_SANDBOXING = YES;
				GCC_C_LANGUAGE_STANDARD = gnu17;
				GCC_DYNAMIC_NO_PIC = NO;
				GCC_NO_COMMON_BLOCKS = YES;
				GCC_OPTIMIZATION_LEVEL = 0;
				GCC_PREPROCESSOR_DEFINITIONS = (
					"DEBUG=1",
					"$(inherited)",
				);
				GCC_WARN_64_TO_32_BIT_CONVERSION = YES;
				GCC_WARN_ABOUT_RETURN_TYPE = YES_ERROR;
				GCC_WARN_UNDECLARED_SELECTOR = YES;
				GCC_WARN_UNINITIALIZED_AUTOS = YES_AGGRESSIVE;
				GCC_WARN_UNUSED_FUNCTION = YES;
				GCC_WARN_UNUSED_VARIABLE = YES;
				IPHONEOS_DEPLOYMENT_TARGET = 26.0;
				LOCALIZATION_PREFERS_STRING_CATALOGS = YES;
				MTL_ENABLE_DEBUG_INFO = INCLUDE_SOURCE;
				MTL_FAST_MATH = YES;
				ONLY_ACTIVE_ARCH = YES;
				SDKROOT = iphoneos;
				SWIFT_ACTIVE_COMPILATION_CONDITIONS = "DEBUG $(inherited)";
				SWIFT_OPTIMIZATION_LEVEL = "-Onone";
			};
			name = Debug;
		};
		3B81431E2E7B64DE0037CAD2 /* Release */ = {
			isa = XCBuildConfiguration;
			buildSettings = {
				ALWAYS_SEARCH_USER_PATHS = NO;
				ASSETCATALOG_COMPILER_GENERATE_SWIFT_ASSET_SYMBOL_EXTENSIONS = YES;
				CLANG_ANALYZER_NONNULL = YES;
				CLANG_ANALYZER_NUMBER_OBJECT_CONVERSION = YES_AGGRESSIVE;
				CLANG_CXX_LANGUAGE_STANDARD = "gnu++20";
				CLANG_ENABLE_MODULES = YES;
				CLANG_ENABLE_OBJC_ARC = YES;
				CLANG_ENABLE_OBJC_WEAK = YES;
				CLANG_WARN_BLOCK_CAPTURE_AUTORELEASING = YES;
				CLANG_WARN_BOOL_CONVERSION = YES;
				CLANG_WARN_COMMA = YES;
				CLANG_WARN_CONSTANT_CONVERSION = YES;
				CLANG_WARN_DEPRECATED_OBJC_IMPLEMENTATIONS = YES;
				CLANG_WARN_DIRECT_OBJC_ISA_USAGE = YES_ERROR;
				CLANG_WARN_DOCUMENTATION_COMMENTS = YES;
				CLANG_WARN_EMPTY_BODY = YES;
				CLANG_WARN_ENUM_CONVERSION = YES;
				CLANG_WARN_INFINITE_RECURSION = YES;
				CLANG_WARN_INT_CONVERSION = YES;
				CLANG_WARN_NON_LITERAL_NULL_CONVERSION = YES;
				CLANG_WARN_OBJC_IMPLICIT_RETAIN_SELF = YES;
				CLANG_WARN_OBJC_LITERAL_CONVERSION = YES;
				CLANG_WARN_OBJC_ROOT_CLASS = YES_ERROR;
				CLANG_WARN_QUOTED_INCLUDE_IN_FRAMEWORK_HEADER = YES;
				CLANG_WARN_RANGE_LOOP_ANALYSIS = YES;
				CLANG_WARN_STRICT_PROTOTYPES = YES;
				CLANG_WARN_SUSPICIOUS_MOVE = YES;
				CLANG_WARN_UNGUARDED_AVAILABILITY = YES_AGGRESSIVE;
				CLANG_WARN_UNREACHABLE_CODE = YES;
				CLANG_WARN__DUPLICATE_METHOD_MATCH = YES;
				COPY_PHASE_STRIP = NO;
				DEBUG_INFORMATION_FORMAT = "dwarf-with-dsym";
				DEVELOPMENT_TEAM = UXQY7R8X37;
				ENABLE_NS_ASSERTIONS = NO;
				ENABLE_STRICT_OBJC_MSGSEND = YES;
				ENABLE_USER_SCRIPT_SANDBOXING = YES;
				GCC_C_LANGUAGE_STANDARD = gnu17;
				GCC_NO_COMMON_BLOCKS = YES;
				GCC_WARN_64_TO_32_BIT_CONVERSION = YES;
				GCC_WARN_ABOUT_RETURN_TYPE = YES_ERROR;
				GCC_WARN_UNDECLARED_SELECTOR = YES;
				GCC_WARN_UNINITIALIZED_AUTOS = YES_AGGRESSIVE;
				GCC_WARN_UNUSED_FUNCTION = YES;
				GCC_WARN_UNUSED_VARIABLE = YES;
				IPHONEOS_DEPLOYMENT_TARGET = 26.0;
				LOCALIZATION_PREFERS_STRING_CATALOGS = YES;
				MTL_ENABLE_DEBUG_INFO = NO;
				MTL_FAST_MATH = YES;
				SDKROOT = iphoneos;
				SWIFT_COMPILATION_MODE = wholemodule;
				VALIDATE_PRODUCT = YES;
			};
			name = Release;
		};
		3B8143202E7B64DE0037CAD2 /* Debug */ = {
			isa = XCBuildConfiguration;
			buildSettings = {
				BUNDLE_LOADER = "$(TEST_HOST)";
				CODE_SIGN_STYLE = Automatic;
				CURRENT_PROJECT_VERSION = 1;
				DEVELOPMENT_TEAM = UXQY7R8X37;
				GENERATE_INFOPLIST_FILE = YES;
				IPHONEOS_DEPLOYMENT_TARGET = 26.0;
				MARKETING_VERSION = 1.0;
				PRODUCT_BUNDLE_IDENTIFIER = com.example.tilk.BetterUntisTests;
				PRODUCT_NAME = "$(TARGET_NAME)";
				STRING_CATALOG_GENERATE_SYMBOLS = NO;
				SWIFT_APPROACHABLE_CONCURRENCY = YES;
				SWIFT_EMIT_LOC_STRINGS = NO;
				SWIFT_UPCOMING_FEATURE_MEMBER_IMPORT_VISIBILITY = YES;
				SWIFT_VERSION = 5.0;
				TARGETED_DEVICE_FAMILY = "1,2";
				TEST_HOST = "$(BUILT_PRODUCTS_DIR)/BetterUntis.app/$(BUNDLE_EXECUTABLE_FOLDER_PATH)/BetterUntis";
			};
			name = Debug;
		};
		3B8143212E7B64DE0037CAD2 /* Release */ = {
			isa = XCBuildConfiguration;
			buildSettings = {
				BUNDLE_LOADER = "$(TEST_HOST)";
				CODE_SIGN_STYLE = Automatic;
				CURRENT_PROJECT_VERSION = 1;
				DEVELOPMENT_TEAM = UXQY7R8X37;
				GENERATE_INFOPLIST_FILE = YES;
				IPHONEOS_DEPLOYMENT_TARGET = 26.0;
				MARKETING_VERSION = 1.0;
				PRODUCT_BUNDLE_IDENTIFIER = com.example.tilk.BetterUntisTests;
				PRODUCT_NAME = "$(TARGET_NAME)";
				STRING_CATALOG_GENERATE_SYMBOLS = NO;
				SWIFT_APPROACHABLE_CONCURRENCY = YES;
				SWIFT_EMIT_LOC_STRINGS = NO;
				SWIFT_UPCOMING_FEATURE_MEMBER_IMPORT_VISIBILITY = YES;
				SWIFT_VERSION = 5.0;
				TARGETED_DEVICE_FAMILY = "1,2";
				TEST_HOST = "$(BUILT_PRODUCTS_DIR)/BetterUntis.app/$(BUNDLE_EXECUTABLE_FOLDER_PATH)/BetterUntis";
			};
			name = Release;
		};
		3B8143232E7B64DE0037CAD2 /* Debug */ = {
			isa = XCBuildConfiguration;
			buildSettings = {
				CODE_SIGN_STYLE = Automatic;
				CURRENT_PROJECT_VERSION = 1;
				DEVELOPMENT_TEAM = UXQY7R8X37;
				GENERATE_INFOPLIST_FILE = YES;
				MARKETING_VERSION = 1.0;
				PRODUCT_BUNDLE_IDENTIFIER = com.example.tilk.BetterUntisUITests;
				PRODUCT_NAME = "$(TARGET_NAME)";
				STRING_CATALOG_GENERATE_SYMBOLS = NO;
				SWIFT_APPROACHABLE_CONCURRENCY = YES;
				SWIFT_EMIT_LOC_STRINGS = NO;
				SWIFT_UPCOMING_FEATURE_MEMBER_IMPORT_VISIBILITY = YES;
				SWIFT_VERSION = 5.0;
				TARGETED_DEVICE_FAMILY = "1,2";
				TEST_TARGET_NAME = BetterUntis;
			};
			name = Debug;
		};
		3B8143242E7B64DE0037CAD2 /* Release */ = {
			isa = XCBuildConfiguration;
			buildSettings = {
				CODE_SIGN_STYLE = Automatic;
				CURRENT_PROJECT_VERSION = 1;
				DEVELOPMENT_TEAM = UXQY7R8X37;
				GENERATE_INFOPLIST_FILE = YES;
				MARKETING_VERSION = 1.0;
				PRODUCT_BUNDLE_IDENTIFIER = com.example.tilk.BetterUntisUITests;
				PRODUCT_NAME = "$(TARGET_NAME)";
				STRING_CATALOG_GENERATE_SYMBOLS = NO;
				SWIFT_APPROACHABLE_CONCURRENCY = YES;
				SWIFT_EMIT_LOC_STRINGS = NO;
				SWIFT_UPCOMING_FEATURE_MEMBER_IMPORT_VISIBILITY = YES;
				SWIFT_VERSION = 5.0;
				TARGETED_DEVICE_FAMILY = "1,2";
				TEST_TARGET_NAME = BetterUntis;
			};
			name = Release;
		};
/* End XCBuildConfiguration section */

/* Begin XCConfigurationList section */
		3B8142EE2E7B64DB0037CAD2 /* Build configuration list for PBXProject "BetterUntis" */ = {
			isa = XCConfigurationList;
			buildConfigurations = (
				3B81431D2E7B64DE0037CAD2 /* Debug */,
				3B81431E2E7B64DE0037CAD2 /* Release */,
			);
			defaultConfigurationIsVisible = 0;
			defaultConfigurationName = Release;
		};
		3B81431A2E7B64DE0037CAD2 /* Build configuration list for PBXNativeTarget "BetterUntis" */ = {
			isa = XCConfigurationList;
			buildConfigurations = (
				3B81431B2E7B64DE0037CAD2 /* Debug */,
				3B81431C2E7B64DE0037CAD2 /* Release */,
			);
			defaultConfigurationIsVisible = 0;
			defaultConfigurationName = Release;
		};
		3B81431F2E7B64DE0037CAD2 /* Build configuration list for PBXNativeTarget "BetterUntisTests" */ = {
			isa = XCConfigurationList;
			buildConfigurations = (
				3B8143202E7B64DE0037CAD2 /* Debug */,
				3B8143212E7B64DE0037CAD2 /* Release */,
			);
			defaultConfigurationIsVisible = 0;
			defaultConfigurationName = Release;
		};
		3B8143222E7B64DE0037CAD2 /* Build configuration list for PBXNativeTarget "BetterUntisUITests" */ = {
			isa = XCConfigurationList;
			buildConfigurations = (
				3B8143232E7B64DE0037CAD2 /* Debug */,
				3B8143242E7B64DE0037CAD2 /* Release */,
			);
			defaultConfigurationIsVisible = 0;
			defaultConfigurationName = Release;
		};
/* End XCConfigurationList section */

/* Begin XCRemoteSwiftPackageReference section */
		3B14F5D62E7B691F005826F9 /* XCRemoteSwiftPackageReference "swift-collections" */ = {
			isa = XCRemoteSwiftPackageReference;
			repositoryURL = "https://github.com/apple/swift-collections.git";
			requirement = {
				kind = upToNextMajorVersion;
				minimumVersion = 1.2.1;
			};
		};
/* End XCRemoteSwiftPackageReference section */

/* Begin XCSwiftPackageProductDependency section */
		3B14F5E02E7B6AE6005826F9 /* _RopeModule */ = {
			isa = XCSwiftPackageProductDependency;
			package = 3B14F5D62E7B691F005826F9 /* XCRemoteSwiftPackageReference "swift-collections" */;
			productName = _RopeModule;
		};
		3B14F5E22E7B6AF0005826F9 /* BitCollections */ = {
			isa = XCSwiftPackageProductDependency;
			package = 3B14F5D62E7B691F005826F9 /* XCRemoteSwiftPackageReference "swift-collections" */;
			productName = BitCollections;
		};
		3B14F5E42E7B6AF0005826F9 /* Collections */ = {
			isa = XCSwiftPackageProductDependency;
			package = 3B14F5D62E7B691F005826F9 /* XCRemoteSwiftPackageReference "swift-collections" */;
			productName = Collections;
		};
		3B14F5E62E7B6AF0005826F9 /* DequeModule */ = {
			isa = XCSwiftPackageProductDependency;
			package = 3B14F5D62E7B691F005826F9 /* XCRemoteSwiftPackageReference "swift-collections" */;
			productName = DequeModule;
		};
		3B14F5E82E7B6AF0005826F9 /* HashTreeCollections */ = {
			isa = XCSwiftPackageProductDependency;
			package = 3B14F5D62E7B691F005826F9 /* XCRemoteSwiftPackageReference "swift-collections" */;
			productName = HashTreeCollections;
		};
		3B14F5EA2E7B6AF0005826F9 /* HeapModule */ = {
			isa = XCSwiftPackageProductDependency;
			package = 3B14F5D62E7B691F005826F9 /* XCRemoteSwiftPackageReference "swift-collections" */;
			productName = HeapModule;
		};
		3B14F5EC2E7B6AF0005826F9 /* OrderedCollections */ = {
			isa = XCSwiftPackageProductDependency;
			package = 3B14F5D62E7B691F005826F9 /* XCRemoteSwiftPackageReference "swift-collections" */;
			productName = OrderedCollections;
		};
/* End XCSwiftPackageProductDependency section */
	};
	rootObject = 3B8142EB2E7B64DB0037CAD2 /* Project object */;
}
